// !$*UTF8*$!
{
	archiveVersion = 1;
	classes = {
	};
	objectVersion = 51;
	objects = {

/* Begin PBXBuildFile section */
		3837F321264C2EA4005670A7 /* AppDelegate.swift in Sources */ = {isa = PBXBuildFile; fileRef = 3837F320264C2EA4005670A7 /* AppDelegate.swift */; };
		3837F323264C2EA4005670A7 /* SceneDelegate.swift in Sources */ = {isa = PBXBuildFile; fileRef = 3837F322264C2EA4005670A7 /* SceneDelegate.swift */; };
		3837F328264C2EA4005670A7 /* Main.storyboard in Resources */ = {isa = PBXBuildFile; fileRef = 3837F326264C2EA4005670A7 /* Main.storyboard */; };
		3837F32A264C2EA7005670A7 /* PlayerAssets.xcassets in Resources */ = {isa = PBXBuildFile; fileRef = 3837F329264C2EA7005670A7 /* PlayerAssets.xcassets */; };
		3837F32D264C2EA7005670A7 /* LaunchScreen.storyboard in Resources */ = {isa = PBXBuildFile; fileRef = 3837F32B264C2EA7005670A7 /* LaunchScreen.storyboard */; };
		3837F33B264C3559005670A7 /* MainViewController.swift in Sources */ = {isa = PBXBuildFile; fileRef = 3837F339264C3559005670A7 /* MainViewController.swift */; };
		3837F33C264C3559005670A7 /* MainViewController.xib in Resources */ = {isa = PBXBuildFile; fileRef = 3837F33A264C3559005670A7 /* MainViewController.xib */; };
		38AD5360265E9D2200501D52 /* AppDelegate.swift in Sources */ = {isa = PBXBuildFile; fileRef = 3837F320264C2EA4005670A7 /* AppDelegate.swift */; };
		38AD5361265E9D2200501D52 /* SceneDelegate.swift in Sources */ = {isa = PBXBuildFile; fileRef = 3837F322264C2EA4005670A7 /* SceneDelegate.swift */; };
		38AD5362265E9D2200501D52 /* MainViewController.swift in Sources */ = {isa = PBXBuildFile; fileRef = 3837F339264C3559005670A7 /* MainViewController.swift */; };
		38AD5364265E9D2200501D52 /* Pods_VideoPlayer.framework in Frameworks */ = {isa = PBXBuildFile; fileRef = 079B3F6B3F5BBCF0F26826B6 /* Pods_VideoPlayer.framework */; };
		38AD5366265E9D2200501D52 /* LaunchScreen.storyboard in Resources */ = {isa = PBXBuildFile; fileRef = 3837F32B264C2EA7005670A7 /* LaunchScreen.storyboard */; };
		38AD5367265E9D2200501D52 /* PlayerAssets.xcassets in Resources */ = {isa = PBXBuildFile; fileRef = 3837F329264C2EA7005670A7 /* PlayerAssets.xcassets */; };
		38AD5368265E9D2200501D52 /* MainViewController.xib in Resources */ = {isa = PBXBuildFile; fileRef = 3837F33A264C3559005670A7 /* MainViewController.xib */; };
		38AD5369265E9D2200501D52 /* Main.storyboard in Resources */ = {isa = PBXBuildFile; fileRef = 3837F326264C2EA4005670A7 /* Main.storyboard */; };
		38AD537A265E9DA300501D52 /* Assets.xcassets in Resources */ = {isa = PBXBuildFile; fileRef = 38AD5379265E9DA300501D52 /* Assets.xcassets */; };
		6FFECE0DC4A2339A351BA990 /* Pods_VideoPlayer.framework in Frameworks */ = {isa = PBXBuildFile; fileRef = 079B3F6B3F5BBCF0F26826B6 /* Pods_VideoPlayer.framework */; };
/* End PBXBuildFile section */

/* Begin PBXFileReference section */
		079B3F6B3F5BBCF0F26826B6 /* Pods_VideoPlayer.framework */ = {isa = PBXFileReference; explicitFileType = wrapper.framework; includeInIndex = 0; path = Pods_VideoPlayer.framework; sourceTree = BUILT_PRODUCTS_DIR; };
		28708B7440F72394660358F1 /* Pods-VideoPlayer.debug.xcconfig */ = {isa = PBXFileReference; includeInIndex = 1; lastKnownFileType = text.xcconfig; name = "Pods-VideoPlayer.debug.xcconfig"; path = "Target Support Files/Pods-VideoPlayer/Pods-VideoPlayer.debug.xcconfig"; sourceTree = "<group>"; };
		3837F31D264C2EA4005670A7 /* VideoPlayer.app */ = {isa = PBXFileReference; explicitFileType = wrapper.application; includeInIndex = 0; path = VideoPlayer.app; sourceTree = BUILT_PRODUCTS_DIR; };
		3837F320264C2EA4005670A7 /* AppDelegate.swift */ = {isa = PBXFileReference; lastKnownFileType = sourcecode.swift; path = AppDelegate.swift; sourceTree = "<group>"; };
		3837F322264C2EA4005670A7 /* SceneDelegate.swift */ = {isa = PBXFileReference; lastKnownFileType = sourcecode.swift; path = SceneDelegate.swift; sourceTree = "<group>"; };
		3837F327264C2EA4005670A7 /* Base */ = {isa = PBXFileReference; lastKnownFileType = file.storyboard; name = Base; path = Base.lproj/Main.storyboard; sourceTree = "<group>"; };
		3837F329264C2EA7005670A7 /* PlayerAssets.xcassets */ = {isa = PBXFileReference; lastKnownFileType = folder.assetcatalog; path = PlayerAssets.xcassets; sourceTree = "<group>"; };
		3837F32C264C2EA7005670A7 /* Base */ = {isa = PBXFileReference; lastKnownFileType = file.storyboard; name = Base; path = Base.lproj/LaunchScreen.storyboard; sourceTree = "<group>"; };
		3837F32E264C2EA7005670A7 /* Info.plist */ = {isa = PBXFileReference; lastKnownFileType = text.plist.xml; path = Info.plist; sourceTree = "<group>"; };
		3837F339264C3559005670A7 /* MainViewController.swift */ = {isa = PBXFileReference; lastKnownFileType = sourcecode.swift; path = MainViewController.swift; sourceTree = "<group>"; };
		3837F33A264C3559005670A7 /* MainViewController.xib */ = {isa = PBXFileReference; lastKnownFileType = file.xib; path = MainViewController.xib; sourceTree = "<group>"; };
		38AD536E265E9D2200501D52 /* Player.app */ = {isa = PBXFileReference; explicitFileType = wrapper.application; includeInIndex = 0; path = Player.app; sourceTree = BUILT_PRODUCTS_DIR; };
		38AD5371265E9D2800501D52 /* Player_Info.plist */ = {isa = PBXFileReference; lastKnownFileType = text.plist.xml; name = Player_Info.plist; path = /Users/akash/Desktop/VideoPlayer/VideoPlayer/Target/Player/Player_Info.plist; sourceTree = "<absolute>"; };
		38AD5379265E9DA300501D52 /* Assets.xcassets */ = {isa = PBXFileReference; lastKnownFileType = folder.assetcatalog; path = Assets.xcassets; sourceTree = "<group>"; };
		D58882B18135FFB5B671EC70 /* Pods-VideoPlayer.release.xcconfig */ = {isa = PBXFileReference; includeInIndex = 1; lastKnownFileType = text.xcconfig; name = "Pods-VideoPlayer.release.xcconfig"; path = "Target Support Files/Pods-VideoPlayer/Pods-VideoPlayer.release.xcconfig"; sourceTree = "<group>"; };
/* End PBXFileReference section */

/* Begin PBXFrameworksBuildPhase section */
		3837F31A264C2EA4005670A7 /* Frameworks */ = {
			isa = PBXFrameworksBuildPhase;
			buildActionMask = 2147483647;
			files = (
				6FFECE0DC4A2339A351BA990 /* Pods_VideoPlayer.framework in Frameworks */,
			);
			runOnlyForDeploymentPostprocessing = 0;
		};
		38AD5363265E9D2200501D52 /* Frameworks */ = {
			isa = PBXFrameworksBuildPhase;
			buildActionMask = 2147483647;
			files = (
				38AD5364265E9D2200501D52 /* Pods_VideoPlayer.framework in Frameworks */,
			);
			runOnlyForDeploymentPostprocessing = 0;
		};
/* End PBXFrameworksBuildPhase section */

/* Begin PBXGroup section */
		3837F314264C2EA4005670A7 = {
			isa = PBXGroup;
			children = (
				3837F31F264C2EA4005670A7 /* VideoPlayer */,
				3837F31E264C2EA4005670A7 /* Products */,
				485F177FB86A96FB0A657AC0 /* Pods */,
				8209975205DC5FD26E924633 /* Frameworks */,
			);
			sourceTree = "<group>";
		};
		3837F31E264C2EA4005670A7 /* Products */ = {
			isa = PBXGroup;
			children = (
				3837F31D264C2EA4005670A7 /* VideoPlayer.app */,
				38AD536E265E9D2200501D52 /* Player.app */,
			);
			name = Products;
			sourceTree = "<group>";
		};
		3837F31F264C2EA4005670A7 /* VideoPlayer */ = {
			isa = PBXGroup;
			children = (
				3877B814265E745000C61E45 /* Target */,
				3837F322264C2EA4005670A7 /* SceneDelegate.swift */,
				3837F320264C2EA4005670A7 /* AppDelegate.swift */,
				3837F326264C2EA4005670A7 /* Main.storyboard */,
				3837F32B264C2EA7005670A7 /* LaunchScreen.storyboard */,
				3837F339264C3559005670A7 /* MainViewController.swift */,
				3837F33A264C3559005670A7 /* MainViewController.xib */,
			);
			path = VideoPlayer;
			sourceTree = "<group>";
		};
		3877B814265E745000C61E45 /* Target */ = {
			isa = PBXGroup;
			children = (
				38AD5374265E9D3400501D52 /* Player */,
				3877B816265E749500C61E45 /* VideoPlayer */,
			);
			path = Target;
			sourceTree = "<group>";
		};
		3877B816265E749500C61E45 /* VideoPlayer */ = {
			isa = PBXGroup;
			children = (
				38AD5379265E9DA300501D52 /* Assets.xcassets */,
				3837F32E264C2EA7005670A7 /* Info.plist */,
			);
			path = VideoPlayer;
			sourceTree = "<group>";
		};
		38AD5374265E9D3400501D52 /* Player */ = {
			isa = PBXGroup;
			children = (
				3837F329264C2EA7005670A7 /* PlayerAssets.xcassets */,
				38AD5371265E9D2800501D52 /* Player_Info.plist */,
			);
			path = Player;
			sourceTree = "<group>";
		};
		485F177FB86A96FB0A657AC0 /* Pods */ = {
			isa = PBXGroup;
			children = (
				28708B7440F72394660358F1 /* Pods-VideoPlayer.debug.xcconfig */,
				D58882B18135FFB5B671EC70 /* Pods-VideoPlayer.release.xcconfig */,
			);
			path = Pods;
			sourceTree = "<group>";
		};
		8209975205DC5FD26E924633 /* Frameworks */ = {
			isa = PBXGroup;
			children = (
				079B3F6B3F5BBCF0F26826B6 /* Pods_VideoPlayer.framework */,
			);
			name = Frameworks;
			sourceTree = "<group>";
		};
/* End PBXGroup section */

/* Begin PBXNativeTarget section */
		3837F31C264C2EA4005670A7 /* VideoPlayer */ = {
			isa = PBXNativeTarget;
			buildConfigurationList = 3837F331264C2EA7005670A7 /* Build configuration list for PBXNativeTarget "VideoPlayer" */;
			buildPhases = (
				645ABBCAFA41D0E8A73AD670 /* [CP] Check Pods Manifest.lock */,
				3837F319264C2EA4005670A7 /* Sources */,
				3837F31A264C2EA4005670A7 /* Frameworks */,
				3837F31B264C2EA4005670A7 /* Resources */,
				6F8A981371719B3CEF477819 /* [CP] Embed Pods Frameworks */,
			);
			buildRules = (
			);
			dependencies = (
			);
			name = VideoPlayer;
			productName = VideoPlayer;
			productReference = 3837F31D264C2EA4005670A7 /* VideoPlayer.app */;
			productType = "com.apple.product-type.application";
		};
		38AD535D265E9D2200501D52 /* Player */ = {
			isa = PBXNativeTarget;
			buildConfigurationList = 38AD536B265E9D2200501D52 /* Build configuration list for PBXNativeTarget "Player" */;
			buildPhases = (
				38AD535E265E9D2200501D52 /* [CP] Check Pods Manifest.lock */,
				38AD535F265E9D2200501D52 /* Sources */,
				38AD5363265E9D2200501D52 /* Frameworks */,
				38AD5365265E9D2200501D52 /* Resources */,
				38AD536A265E9D2200501D52 /* [CP] Embed Pods Frameworks */,
			);
			buildRules = (
			);
			dependencies = (
			);
			name = Player;
			productName = VideoPlayer;
			productReference = 38AD536E265E9D2200501D52 /* Player.app */;
			productType = "com.apple.product-type.application";
		};
/* End PBXNativeTarget section */

/* Begin PBXProject section */
		3837F315264C2EA4005670A7 /* Project object */ = {
			isa = PBXProject;
			attributes = {
				LastSwiftUpdateCheck = 1240;
				LastUpgradeCheck = 1240;
				TargetAttributes = {
					3837F31C264C2EA4005670A7 = {
						CreatedOnToolsVersion = 12.4;
					};
				};
			};
			buildConfigurationList = 3837F318264C2EA4005670A7 /* Build configuration list for PBXProject "VideoPlayer" */;
			compatibilityVersion = "Xcode 9.3";
			developmentRegion = en;
			hasScannedForEncodings = 0;
			knownRegions = (
				en,
				Base,
			);
			mainGroup = 3837F314264C2EA4005670A7;
			productRefGroup = 3837F31E264C2EA4005670A7 /* Products */;
			projectDirPath = "";
			projectRoot = "";
			targets = (
				3837F31C264C2EA4005670A7 /* VideoPlayer */,
				38AD535D265E9D2200501D52 /* Player */,
			);
		};
/* End PBXProject section */

/* Begin PBXResourcesBuildPhase section */
		3837F31B264C2EA4005670A7 /* Resources */ = {
			isa = PBXResourcesBuildPhase;
			buildActionMask = 2147483647;
			files = (
				3837F32D264C2EA7005670A7 /* LaunchScreen.storyboard in Resources */,
				3837F32A264C2EA7005670A7 /* PlayerAssets.xcassets in Resources */,
				3837F33C264C3559005670A7 /* MainViewController.xib in Resources */,
				38AD537A265E9DA300501D52 /* Assets.xcassets in Resources */,
				3837F328264C2EA4005670A7 /* Main.storyboard in Resources */,
			);
			runOnlyForDeploymentPostprocessing = 0;
		};
		38AD5365265E9D2200501D52 /* Resources */ = {
			isa = PBXResourcesBuildPhase;
			buildActionMask = 2147483647;
			files = (
				38AD5366265E9D2200501D52 /* LaunchScreen.storyboard in Resources */,
				38AD5367265E9D2200501D52 /* PlayerAssets.xcassets in Resources */,
				38AD5368265E9D2200501D52 /* MainViewController.xib in Resources */,
				38AD5369265E9D2200501D52 /* Main.storyboard in Resources */,
			);
			runOnlyForDeploymentPostprocessing = 0;
		};
/* End PBXResourcesBuildPhase section */

/* Begin PBXShellScriptBuildPhase section */
		38AD535E265E9D2200501D52 /* [CP] Check Pods Manifest.lock */ = {
			isa = PBXShellScriptBuildPhase;
			buildActionMask = 2147483647;
			files = (
			);
			inputFileListPaths = (
			);
			inputPaths = (
				"${PODS_PODFILE_DIR_PATH}/Podfile.lock",
				"${PODS_ROOT}/Manifest.lock",
			);
			name = "[CP] Check Pods Manifest.lock";
			outputFileListPaths = (
			);
			outputPaths = (
				"$(DERIVED_FILE_DIR)/Pods-VideoPlayer-checkManifestLockResult.txt",
			);
			runOnlyForDeploymentPostprocessing = 0;
			shellPath = /bin/sh;
			shellScript = "diff \"${PODS_PODFILE_DIR_PATH}/Podfile.lock\" \"${PODS_ROOT}/Manifest.lock\" > /dev/null\nif [ $? != 0 ] ; then\n    # print error to STDERR\n    echo \"error: The sandbox is not in sync with the Podfile.lock. Run 'pod install' or update your CocoaPods installation.\" >&2\n    exit 1\nfi\n# This output is used by Xcode 'outputs' to avoid re-running this script phase.\necho \"SUCCESS\" > \"${SCRIPT_OUTPUT_FILE_0}\"\n";
			showEnvVarsInLog = 0;
		};
		38AD536A265E9D2200501D52 /* [CP] Embed Pods Frameworks */ = {
			isa = PBXShellScriptBuildPhase;
			buildActionMask = 2147483647;
			files = (
			);
			inputFileListPaths = (
				"${PODS_ROOT}/Target Support Files/Pods-VideoPlayer/Pods-VideoPlayer-frameworks-${CONFIGURATION}-input-files.xcfilelist",
			);
			name = "[CP] Embed Pods Frameworks";
			outputFileListPaths = (
				"${PODS_ROOT}/Target Support Files/Pods-VideoPlayer/Pods-VideoPlayer-frameworks-${CONFIGURATION}-output-files.xcfilelist",
			);
			runOnlyForDeploymentPostprocessing = 0;
			shellPath = /bin/sh;
			shellScript = "\"${PODS_ROOT}/Target Support Files/Pods-VideoPlayer/Pods-VideoPlayer-frameworks.sh\"\n";
			showEnvVarsInLog = 0;
		};
		645ABBCAFA41D0E8A73AD670 /* [CP] Check Pods Manifest.lock */ = {
			isa = PBXShellScriptBuildPhase;
			buildActionMask = 2147483647;
			files = (
			);
			inputFileListPaths = (
			);
			inputPaths = (
				"${PODS_PODFILE_DIR_PATH}/Podfile.lock",
				"${PODS_ROOT}/Manifest.lock",
			);
			name = "[CP] Check Pods Manifest.lock";
			outputFileListPaths = (
			);
			outputPaths = (
				"$(DERIVED_FILE_DIR)/Pods-VideoPlayer-checkManifestLockResult.txt",
			);
			runOnlyForDeploymentPostprocessing = 0;
			shellPath = /bin/sh;
			shellScript = "diff \"${PODS_PODFILE_DIR_PATH}/Podfile.lock\" \"${PODS_ROOT}/Manifest.lock\" > /dev/null\nif [ $? != 0 ] ; then\n    # print error to STDERR\n    echo \"error: The sandbox is not in sync with the Podfile.lock. Run 'pod install' or update your CocoaPods installation.\" >&2\n    exit 1\nfi\n# This output is used by Xcode 'outputs' to avoid re-running this script phase.\necho \"SUCCESS\" > \"${SCRIPT_OUTPUT_FILE_0}\"\n";
			showEnvVarsInLog = 0;
		};
		6F8A981371719B3CEF477819 /* [CP] Embed Pods Frameworks */ = {
			isa = PBXShellScriptBuildPhase;
			buildActionMask = 2147483647;
			files = (
			);
			inputFileListPaths = (
				"${PODS_ROOT}/Target Support Files/Pods-VideoPlayer/Pods-VideoPlayer-frameworks-${CONFIGURATION}-input-files.xcfilelist",
			);
			name = "[CP] Embed Pods Frameworks";
			outputFileListPaths = (
				"${PODS_ROOT}/Target Support Files/Pods-VideoPlayer/Pods-VideoPlayer-frameworks-${CONFIGURATION}-output-files.xcfilelist",
			);
			runOnlyForDeploymentPostprocessing = 0;
			shellPath = /bin/sh;
			shellScript = "\"${PODS_ROOT}/Target Support Files/Pods-VideoPlayer/Pods-VideoPlayer-frameworks.sh\"\n";
			showEnvVarsInLog = 0;
		};
/* End PBXShellScriptBuildPhase section */

/* Begin PBXSourcesBuildPhase section */
		3837F319264C2EA4005670A7 /* Sources */ = {
			isa = PBXSourcesBuildPhase;
			buildActionMask = 2147483647;
			files = (
				3837F321264C2EA4005670A7 /* AppDelegate.swift in Sources */,
				3837F323264C2EA4005670A7 /* SceneDelegate.swift in Sources */,
				3837F33B264C3559005670A7 /* MainViewController.swift in Sources */,
			);
			runOnlyForDeploymentPostprocessing = 0;
		};
		38AD535F265E9D2200501D52 /* Sources */ = {
			isa = PBXSourcesBuildPhase;
			buildActionMask = 2147483647;
			files = (
				38AD5360265E9D2200501D52 /* AppDelegate.swift in Sources */,
				38AD5361265E9D2200501D52 /* SceneDelegate.swift in Sources */,
				38AD5362265E9D2200501D52 /* MainViewController.swift in Sources */,
			);
			runOnlyForDeploymentPostprocessing = 0;
		};
/* End PBXSourcesBuildPhase section */

/* Begin PBXVariantGroup section */
		3837F326264C2EA4005670A7 /* Main.storyboard */ = {
			isa = PBXVariantGroup;
			children = (
				3837F327264C2EA4005670A7 /* Base */,
			);
			name = Main.storyboard;
			sourceTree = "<group>";
		};
		3837F32B264C2EA7005670A7 /* LaunchScreen.storyboard */ = {
			isa = PBXVariantGroup;
			children = (
				3837F32C264C2EA7005670A7 /* Base */,
			);
			name = LaunchScreen.storyboard;
			sourceTree = "<group>";
		};
/* End PBXVariantGroup section */

/* Begin XCBuildConfiguration section */
		3837F32F264C2EA7005670A7 /* Debug */ = {
			isa = XCBuildConfiguration;
			buildSettings = {
				ALWAYS_SEARCH_USER_PATHS = NO;
				CLANG_ANALYZER_NONNULL = YES;
				CLANG_ANALYZER_NUMBER_OBJECT_CONVERSION = YES_AGGRESSIVE;
				CLANG_CXX_LANGUAGE_STANDARD = "gnu++14";
				CLANG_CXX_LIBRARY = "libc++";
				CLANG_ENABLE_MODULES = YES;
				CLANG_ENABLE_OBJC_ARC = YES;
				CLANG_ENABLE_OBJC_WEAK = YES;
				CLANG_WARN_BLOCK_CAPTURE_AUTORELEASING = YES;
				CLANG_WARN_BOOL_CONVERSION = YES;
				CLANG_WARN_COMMA = YES;
				CLANG_WARN_CONSTANT_CONVERSION = YES;
				CLANG_WARN_DEPRECATED_OBJC_IMPLEMENTATIONS = YES;
				CLANG_WARN_DIRECT_OBJC_ISA_USAGE = YES_ERROR;
				CLANG_WARN_DOCUMENTATION_COMMENTS = YES;
				CLANG_WARN_EMPTY_BODY = YES;
				CLANG_WARN_ENUM_CONVERSION = YES;
				CLANG_WARN_INFINITE_RECURSION = YES;
				CLANG_WARN_INT_CONVERSION = YES;
				CLANG_WARN_NON_LITERAL_NULL_CONVERSION = YES;
				CLANG_WARN_OBJC_IMPLICIT_RETAIN_SELF = YES;
				CLANG_WARN_OBJC_LITERAL_CONVERSION = YES;
				CLANG_WARN_OBJC_ROOT_CLASS = YES_ERROR;
				CLANG_WARN_QUOTED_INCLUDE_IN_FRAMEWORK_HEADER = YES;
				CLANG_WARN_RANGE_LOOP_ANALYSIS = YES;
				CLANG_WARN_STRICT_PROTOTYPES = YES;
				CLANG_WARN_SUSPICIOUS_MOVE = YES;
				CLANG_WARN_UNGUARDED_AVAILABILITY = YES_AGGRESSIVE;
				CLANG_WARN_UNREACHABLE_CODE = YES;
				CLANG_WARN__DUPLICATE_METHOD_MATCH = YES;
				COPY_PHASE_STRIP = NO;
				DEBUG_INFORMATION_FORMAT = dwarf;
				ENABLE_STRICT_OBJC_MSGSEND = YES;
				ENABLE_TESTABILITY = YES;
				GCC_C_LANGUAGE_STANDARD = gnu11;
				GCC_DYNAMIC_NO_PIC = NO;
				GCC_NO_COMMON_BLOCKS = YES;
				GCC_OPTIMIZATION_LEVEL = 0;
				GCC_PREPROCESSOR_DEFINITIONS = (
					"DEBUG=1",
					"$(inherited)",
				);
				GCC_WARN_64_TO_32_BIT_CONVERSION = YES;
				GCC_WARN_ABOUT_RETURN_TYPE = YES_ERROR;
				GCC_WARN_UNDECLARED_SELECTOR = YES;
				GCC_WARN_UNINITIALIZED_AUTOS = YES_AGGRESSIVE;
				GCC_WARN_UNUSED_FUNCTION = YES;
				GCC_WARN_UNUSED_VARIABLE = YES;
				IPHONEOS_DEPLOYMENT_TARGET = 13.0;
				MTL_ENABLE_DEBUG_INFO = INCLUDE_SOURCE;
				MTL_FAST_MATH = YES;
				ONLY_ACTIVE_ARCH = YES;
				SDKROOT = iphoneos;
				SWIFT_ACTIVE_COMPILATION_CONDITIONS = DEBUG;
				SWIFT_OPTIMIZATION_LEVEL = "-Onone";
			};
			name = Debug;
		};
		3837F330264C2EA7005670A7 /* Release */ = {
			isa = XCBuildConfiguration;
			buildSettings = {
				ALWAYS_SEARCH_USER_PATHS = NO;
				CLANG_ANALYZER_NONNULL = YES;
				CLANG_ANALYZER_NUMBER_OBJECT_CONVERSION = YES_AGGRESSIVE;
				CLANG_CXX_LANGUAGE_STANDARD = "gnu++14";
				CLANG_CXX_LIBRARY = "libc++";
				CLANG_ENABLE_MODULES = YES;
				CLANG_ENABLE_OBJC_ARC = YES;
				CLANG_ENABLE_OBJC_WEAK = YES;
				CLANG_WARN_BLOCK_CAPTURE_AUTORELEASING = YES;
				CLANG_WARN_BOOL_CONVERSION = YES;
				CLANG_WARN_COMMA = YES;
				CLANG_WARN_CONSTANT_CONVERSION = YES;
				CLANG_WARN_DEPRECATED_OBJC_IMPLEMENTATIONS = YES;
				CLANG_WARN_DIRECT_OBJC_ISA_USAGE = YES_ERROR;
				CLANG_WARN_DOCUMENTATION_COMMENTS = YES;
				CLANG_WARN_EMPTY_BODY = YES;
				CLANG_WARN_ENUM_CONVERSION = YES;
				CLANG_WARN_INFINITE_RECURSION = YES;
				CLANG_WARN_INT_CONVERSION = YES;
				CLANG_WARN_NON_LITERAL_NULL_CONVERSION = YES;
				CLANG_WARN_OBJC_IMPLICIT_RETAIN_SELF = YES;
				CLANG_WARN_OBJC_LITERAL_CONVERSION = YES;
				CLANG_WARN_OBJC_ROOT_CLASS = YES_ERROR;
				CLANG_WARN_QUOTED_INCLUDE_IN_FRAMEWORK_HEADER = YES;
				CLANG_WARN_RANGE_LOOP_ANALYSIS = YES;
				CLANG_WARN_STRICT_PROTOTYPES = YES;
				CLANG_WARN_SUSPICIOUS_MOVE = YES;
				CLANG_WARN_UNGUARDED_AVAILABILITY = YES_AGGRESSIVE;
				CLANG_WARN_UNREACHABLE_CODE = YES;
				CLANG_WARN__DUPLICATE_METHOD_MATCH = YES;
				COPY_PHASE_STRIP = NO;
				DEBUG_INFORMATION_FORMAT = "dwarf-with-dsym";
				ENABLE_NS_ASSERTIONS = NO;
				ENABLE_STRICT_OBJC_MSGSEND = YES;
				GCC_C_LANGUAGE_STANDARD = gnu11;
				GCC_NO_COMMON_BLOCKS = YES;
				GCC_WARN_64_TO_32_BIT_CONVERSION = YES;
				GCC_WARN_ABOUT_RETURN_TYPE = YES_ERROR;
				GCC_WARN_UNDECLARED_SELECTOR = YES;
				GCC_WARN_UNINITIALIZED_AUTOS = YES_AGGRESSIVE;
				GCC_WARN_UNUSED_FUNCTION = YES;
				GCC_WARN_UNUSED_VARIABLE = YES;
				IPHONEOS_DEPLOYMENT_TARGET = 13.0;
				MTL_ENABLE_DEBUG_INFO = NO;
				MTL_FAST_MATH = YES;
				SDKROOT = iphoneos;
				SWIFT_COMPILATION_MODE = wholemodule;
				SWIFT_OPTIMIZATION_LEVEL = "-O";
				VALIDATE_PRODUCT = YES;
			};
			name = Release;
		};
		3837F332264C2EA7005670A7 /* Debug */ = {
			isa = XCBuildConfiguration;
			baseConfigurationReference = 28708B7440F72394660358F1 /* Pods-VideoPlayer.debug.xcconfig */;
			buildSettings = {
				ASSETCATALOG_COMPILER_APPICON_NAME = AppIcon;
				ASSETCATALOG_COMPILER_GLOBAL_ACCENT_COLOR_NAME = AccentColor;
				ASSETCATALOG_COMPILER_INCLUDE_INFOPLIST_LOCALIZATIONS = NO;
				CODE_SIGN_STYLE = Manual;
				DEVELOPMENT_TEAM = "";
				INFOPLIST_FILE = VideoPlayer/Target/VideoPlayer/Info.plist;
				LD_RUNPATH_SEARCH_PATHS = (
					"$(inherited)",
					"@executable_path/Frameworks",
				);
				PRODUCT_BUNDLE_IDENTIFIER = com.VideoPlayer;
				PRODUCT_NAME = "$(TARGET_NAME)";
				PROVISIONING_PROFILE_SPECIFIER = "";
				SWIFT_VERSION = 5.0;
				TARGETED_DEVICE_FAMILY = "1,2";
			};
			name = Debug;
		};
		3837F333264C2EA7005670A7 /* Release */ = {
			isa = XCBuildConfiguration;
			baseConfigurationReference = D58882B18135FFB5B671EC70 /* Pods-VideoPlayer.release.xcconfig */;
			buildSettings = {
				ASSETCATALOG_COMPILER_APPICON_NAME = AppIcon;
				ASSETCATALOG_COMPILER_GLOBAL_ACCENT_COLOR_NAME = AccentColor;
				ASSETCATALOG_COMPILER_INCLUDE_INFOPLIST_LOCALIZATIONS = NO;
				CODE_SIGN_STYLE = Manual;
				DEVELOPMENT_TEAM = "";
				INFOPLIST_FILE = VideoPlayer/Target/VideoPlayer/Info.plist;
				LD_RUNPATH_SEARCH_PATHS = (
					"$(inherited)",
					"@executable_path/Frameworks",
				);
				PRODUCT_BUNDLE_IDENTIFIER = com.VideoPlayer;
				PRODUCT_NAME = "$(TARGET_NAME)";
				PROVISIONING_PROFILE_SPECIFIER = "";
				SWIFT_VERSION = 5.0;
				TARGETED_DEVICE_FAMILY = "1,2";
			};
			name = Release;
		};
		38AD536C265E9D2200501D52 /* Debug */ = {
			isa = XCBuildConfiguration;
			baseConfigurationReference = 28708B7440F72394660358F1 /* Pods-VideoPlayer.debug.xcconfig */;
			buildSettings = {
				ASSETCATALOG_COMPILER_APPICON_NAME = AppIconPlayer;
				ASSETCATALOG_COMPILER_GLOBAL_ACCENT_COLOR_NAME = AccentColor;
				CODE_SIGN_STYLE = Manual;
				CREATE_INFOPLIST_SECTION_IN_BINARY = NO;
				DEVELOPMENT_TEAM = "";
				INFOPLIST_FILE = VideoPlayer/Target/Player/Player_Info.plist;
				LD_RUNPATH_SEARCH_PATHS = (
					"$(inherited)",
					"@executable_path/Frameworks",
				);
				PRODUCT_BUNDLE_IDENTIFIER = com.Player;
				PRODUCT_NAME = "$(TARGET_NAME)";
				PROVISIONING_PROFILE_SPECIFIER = "";
				SWIFT_VERSION = 5.0;
				TARGETED_DEVICE_FAMILY = "1,2";
			};
			name = Debug;
		};
		38AD536D265E9D2200501D52 /* Release */ = {
			isa = XCBuildConfiguration;
			baseConfigurationReference = D58882B18135FFB5B671EC70 /* Pods-VideoPlayer.release.xcconfig */;
			buildSettings = {
				ASSETCATALOG_COMPILER_APPICON_NAME = AppIconPlayer;
				ASSETCATALOG_COMPILER_GLOBAL_ACCENT_COLOR_NAME = AccentColor;
				CODE_SIGN_STYLE = Manual;
				CREATE_INFOPLIST_SECTION_IN_BINARY = NO;
				DEVELOPMENT_TEAM = "";
				INFOPLIST_FILE = VideoPlayer/Target/Player/Player_Info.plist;
				LD_RUNPATH_SEARCH_PATHS = (
					"$(inherited)",
					"@executable_path/Frameworks",
				);
				PRODUCT_BUNDLE_IDENTIFIER = com.Player;
				PRODUCT_NAME = "$(TARGET_NAME)";
				PROVISIONING_PROFILE_SPECIFIER = "";
				SWIFT_VERSION = 5.0;
				TARGETED_DEVICE_FAMILY = "1,2";
			};
			name = Release;
		};
/* End XCBuildConfiguration section */

/* Begin XCConfigurationList section */
		3837F318264C2EA4005670A7 /* Build configuration list for PBXProject "VideoPlayer" */ = {
			isa = XCConfigurationList;
			buildConfigurations = (
				3837F32F264C2EA7005670A7 /* Debug */,
				3837F330264C2EA7005670A7 /* Release */,
			);
			defaultConfigurationIsVisible = 0;
			defaultConfigurationName = Release;
		};
		3837F331264C2EA7005670A7 /* Build configuration list for PBXNativeTarget "VideoPlayer" */ = {
			isa = XCConfigurationList;
			buildConfigurations = (
				3837F332264C2EA7005670A7 /* Debug */,
				3837F333264C2EA7005670A7 /* Release */,
			);
			defaultConfigurationIsVisible = 0;
			defaultConfigurationName = Release;
		};
		38AD536B265E9D2200501D52 /* Build configuration list for PBXNativeTarget "Player" */ = {
			isa = XCConfigurationList;
			buildConfigurations = (
				38AD536C265E9D2200501D52 /* Debug */,
				38AD536D265E9D2200501D52 /* Release */,
			);
			defaultConfigurationIsVisible = 0;
			defaultConfigurationName = Release;
		};
/* End XCConfigurationList section */
	};
	rootObject = 3837F315264C2EA4005670A7 /* Project object */;
}
